
Microsoft Visual Studio Solution File, Format Version 12.00
# Visual Studio 15
VisualStudioVersion = 15.0.28010.2048
MinimumVisualStudioVersion = 10.0.40219.1
Project("{FAE04EC0-301F-11D3-BF4B-00C04F79EFBC}") = "ThreadTask", "Thread\ThreadTask.csproj", "{B32CEA83-8FAB-4CB8-95C3-A38658E031BB}"
EndProject
Global
	GlobalSection(SolutionConfigurationPlatforms) = preSolution
		Debug|Any CPU = Debug|Any CPU
		Release|Any CPU = Release|Any CPU
	EndGlobalSection
	GlobalSection(ProjectConfigurationPlatforms) = postSolution
		{B32CEA83-8FAB-4CB8-95C3-A38658E031BB}.Debug|Any CPU.ActiveCfg = Debug|Any CPU
		{B32CEA83-8FAB-4CB8-95C3-A38658E031BB}.Debug|Any CPU.Build.0 = Debug|Any CPU
		{B32CEA83-8FAB-4CB8-95C3-A38658E031BB}.Release|Any CPU.ActiveCfg = Release|Any CPU
		{B32CEA83-8FAB-4CB8-95C3-A38658E031BB}.Release|Any CPU.Build.0 = Release|Any CPU
	EndGlobalSection
	GlobalSection(SolutionProperties) = preSolution
		HideSolutionNode = FALSE
	EndGlobalSection
	GlobalSection(ExtensibilityGlobals) = postSolution
		SolutionGuid = {8AAEB221-F41E-4ACC-A26B-DB8AE15849D0}
	EndGlobalSection
EndGlobal
