
Microsoft Visual Studio Solution File, Format Version 12.00
# Visual Studio 15
VisualStudioVersion = 15.0.28010.2048
MinimumVisualStudioVersion = 10.0.40219.1
Project("{FAE04EC0-301F-11D3-BF4B-00C04F79EFBC}") = "ValueTypeVsReferenceType", "ValueTypeVsReferenceType\ValueTypeVsReferenceType.csproj", "{BCCD150A-40FF-48EF-A7C6-8F55CE0C94E9}"
EndProject
Global
	GlobalSection(SolutionConfigurationPlatforms) = preSolution
		Debug|Any CPU = Debug|Any CPU
		Release|Any CPU = Release|Any CPU
	EndGlobalSection
	GlobalSection(ProjectConfigurationPlatforms) = postSolution
		{BCCD150A-40FF-48EF-A7C6-8F55CE0C94E9}.Debug|Any CPU.ActiveCfg = Debug|Any CPU
		{BCCD150A-40FF-48EF-A7C6-8F55CE0C94E9}.Debug|Any CPU.Build.0 = Debug|Any CPU
		{BCCD150A-40FF-48EF-A7C6-8F55CE0C94E9}.Release|Any CPU.ActiveCfg = Release|Any CPU
		{BCCD150A-40FF-48EF-A7C6-8F55CE0C94E9}.Release|Any CPU.Build.0 = Release|Any CPU
	EndGlobalSection
	GlobalSection(SolutionProperties) = preSolution
		HideSolutionNode = FALSE
	EndGlobalSection
	GlobalSection(ExtensibilityGlobals) = postSolution
		SolutionGuid = {209BF82C-1F0D-42D3-AE05-94982AC69CA9}
	EndGlobalSection
EndGlobal
