
Microsoft Visual Studio Solution File, Format Version 12.00
# Visual Studio 15
VisualStudioVersion = 15.0.28010.2048
MinimumVisualStudioVersion = 10.0.40219.1
Project("{FAE04EC0-301F-11D3-BF4B-00C04F79EFBC}") = "TranceValue", "TranceValue\TranceValue.csproj", "{FB98E026-BD1C-41F6-90B1-FFF559253AE5}"
EndProject
Global
	GlobalSection(SolutionConfigurationPlatforms) = preSolution
		Debug|Any CPU = Debug|Any CPU
		Release|Any CPU = Release|Any CPU
	EndGlobalSection
	GlobalSection(ProjectConfigurationPlatforms) = postSolution
		{FB98E026-BD1C-41F6-90B1-FFF559253AE5}.Debug|Any CPU.ActiveCfg = Debug|Any CPU
		{FB98E026-BD1C-41F6-90B1-FFF559253AE5}.Debug|Any CPU.Build.0 = Debug|Any CPU
		{FB98E026-BD1C-41F6-90B1-FFF559253AE5}.Release|Any CPU.ActiveCfg = Release|Any CPU
		{FB98E026-BD1C-41F6-90B1-FFF559253AE5}.Release|Any CPU.Build.0 = Release|Any CPU
	EndGlobalSection
	GlobalSection(SolutionProperties) = preSolution
		HideSolutionNode = FALSE
	EndGlobalSection
	GlobalSection(ExtensibilityGlobals) = postSolution
		SolutionGuid = {E8ACA57C-9B4A-4F8D-8DC9-6A4F4DD96B90}
	EndGlobalSection
EndGlobal
