
Microsoft Visual Studio Solution File, Format Version 12.00
# Visual Studio 15
VisualStudioVersion = 15.0.28010.2048
MinimumVisualStudioVersion = 10.0.40219.1
Project("{FAE04EC0-301F-11D3-BF4B-00C04F79EFBC}") = "SomeEnume", "SomeEnume\SomeEnume.csproj", "{763FC196-0BE2-4366-961D-2904BF4DA5CE}"
EndProject
Project("{FAE04EC0-301F-11D3-BF4B-00C04F79EFBC}") = "EmunToArray", "EmunToArray\EmunToArray.csproj", "{D73A7C53-F9EE-47FF-9EF8-85670702BCF4}"
EndProject
Project("{FAE04EC0-301F-11D3-BF4B-00C04F79EFBC}") = "UseEnumInSwitch", "UseEnumInSwitch\UseEnumInSwitch.csproj", "{C7E413FA-6D6B-4285-8B52-FC6A2C7A76E5}"
EndProject
Global
	GlobalSection(SolutionConfigurationPlatforms) = preSolution
		Debug|Any CPU = Debug|Any CPU
		Release|Any CPU = Release|Any CPU
	EndGlobalSection
	GlobalSection(ProjectConfigurationPlatforms) = postSolution
		{763FC196-0BE2-4366-961D-2904BF4DA5CE}.Debug|Any CPU.ActiveCfg = Debug|Any CPU
		{763FC196-0BE2-4366-961D-2904BF4DA5CE}.Debug|Any CPU.Build.0 = Debug|Any CPU
		{763FC196-0BE2-4366-961D-2904BF4DA5CE}.Release|Any CPU.ActiveCfg = Release|Any CPU
		{763FC196-0BE2-4366-961D-2904BF4DA5CE}.Release|Any CPU.Build.0 = Release|Any CPU
		{D73A7C53-F9EE-47FF-9EF8-85670702BCF4}.Debug|Any CPU.ActiveCfg = Debug|Any CPU
		{D73A7C53-F9EE-47FF-9EF8-85670702BCF4}.Debug|Any CPU.Build.0 = Debug|Any CPU
		{D73A7C53-F9EE-47FF-9EF8-85670702BCF4}.Release|Any CPU.ActiveCfg = Release|Any CPU
		{D73A7C53-F9EE-47FF-9EF8-85670702BCF4}.Release|Any CPU.Build.0 = Release|Any CPU
		{C7E413FA-6D6B-4285-8B52-FC6A2C7A76E5}.Debug|Any CPU.ActiveCfg = Debug|Any CPU
		{C7E413FA-6D6B-4285-8B52-FC6A2C7A76E5}.Debug|Any CPU.Build.0 = Debug|Any CPU
		{C7E413FA-6D6B-4285-8B52-FC6A2C7A76E5}.Release|Any CPU.ActiveCfg = Release|Any CPU
		{C7E413FA-6D6B-4285-8B52-FC6A2C7A76E5}.Release|Any CPU.Build.0 = Release|Any CPU
	EndGlobalSection
	GlobalSection(SolutionProperties) = preSolution
		HideSolutionNode = FALSE
	EndGlobalSection
	GlobalSection(ExtensibilityGlobals) = postSolution
		SolutionGuid = {E9290EAE-1474-49F0-A41C-65550C174963}
	EndGlobalSection
EndGlobal
