
Microsoft Visual Studio Solution File, Format Version 12.00
# Visual Studio 15
VisualStudioVersion = 15.0.28010.2048
MinimumVisualStudioVersion = 10.0.40219.1
Project("{FAE04EC0-301F-11D3-BF4B-00C04F79EFBC}") = "SameExceptionTwoTimes", "SameExceptionTwoTimes\SameExceptionTwoTimes.csproj", "{83F01990-78C7-4023-B75E-B0A672A4BA12}"
EndProject
Global
	GlobalSection(SolutionConfigurationPlatforms) = preSolution
		Debug|Any CPU = Debug|Any CPU
		Release|Any CPU = Release|Any CPU
	EndGlobalSection
	GlobalSection(ProjectConfigurationPlatforms) = postSolution
		{83F01990-78C7-4023-B75E-B0A672A4BA12}.Debug|Any CPU.ActiveCfg = Debug|Any CPU
		{83F01990-78C7-4023-B75E-B0A672A4BA12}.Debug|Any CPU.Build.0 = Debug|Any CPU
		{83F01990-78C7-4023-B75E-B0A672A4BA12}.Release|Any CPU.ActiveCfg = Release|Any CPU
		{83F01990-78C7-4023-B75E-B0A672A4BA12}.Release|Any CPU.Build.0 = Release|Any CPU
	EndGlobalSection
	GlobalSection(SolutionProperties) = preSolution
		HideSolutionNode = FALSE
	EndGlobalSection
	GlobalSection(ExtensibilityGlobals) = postSolution
		SolutionGuid = {5266BE92-26EF-4E81-A1CA-5D847B363714}
	EndGlobalSection
EndGlobal
