
Microsoft Visual Studio Solution File, Format Version 12.00
# Visual Studio 15
VisualStudioVersion = 15.0.28307.329
MinimumVisualStudioVersion = 10.0.40219.1
Project("{FAE04EC0-301F-11D3-BF4B-00C04F79EFBC}") = "UseIncopsulaton", "UseIncopsulaton\UseIncopsulaton.csproj", "{8585A841-A43E-4B57-A486-6597C2D7CCFB}"
EndProject
Global
	GlobalSection(SolutionConfigurationPlatforms) = preSolution
		Debug|Any CPU = Debug|Any CPU
		Release|Any CPU = Release|Any CPU
	EndGlobalSection
	GlobalSection(ProjectConfigurationPlatforms) = postSolution
		{8585A841-A43E-4B57-A486-6597C2D7CCFB}.Debug|Any CPU.ActiveCfg = Debug|Any CPU
		{8585A841-A43E-4B57-A486-6597C2D7CCFB}.Debug|Any CPU.Build.0 = Debug|Any CPU
		{8585A841-A43E-4B57-A486-6597C2D7CCFB}.Release|Any CPU.ActiveCfg = Release|Any CPU
		{8585A841-A43E-4B57-A486-6597C2D7CCFB}.Release|Any CPU.Build.0 = Release|Any CPU
	EndGlobalSection
	GlobalSection(SolutionProperties) = preSolution
		HideSolutionNode = FALSE
	EndGlobalSection
	GlobalSection(ExtensibilityGlobals) = postSolution
		SolutionGuid = {3A8F8EA4-9F77-4346-8DC3-039D1F343BCA}
	EndGlobalSection
EndGlobal
