
Microsoft Visual Studio Solution File, Format Version 12.00
# Visual Studio 15
VisualStudioVersion = 15.0.28010.2048
MinimumVisualStudioVersion = 10.0.40219.1
Project("{FAE04EC0-301F-11D3-BF4B-00C04F79EFBC}") = "ApplicationReadTextFromFile", "ApplicationReadTextFromFile\ApplicationReadTextFromFile.csproj", "{7B662279-B0E0-423F-9A42-07DBBCA68509}"
EndProject
Global
	GlobalSection(SolutionConfigurationPlatforms) = preSolution
		Debug|Any CPU = Debug|Any CPU
		Release|Any CPU = Release|Any CPU
	EndGlobalSection
	GlobalSection(ProjectConfigurationPlatforms) = postSolution
		{7B662279-B0E0-423F-9A42-07DBBCA68509}.Debug|Any CPU.ActiveCfg = Debug|Any CPU
		{7B662279-B0E0-423F-9A42-07DBBCA68509}.Debug|Any CPU.Build.0 = Debug|Any CPU
		{7B662279-B0E0-423F-9A42-07DBBCA68509}.Release|Any CPU.ActiveCfg = Release|Any CPU
		{7B662279-B0E0-423F-9A42-07DBBCA68509}.Release|Any CPU.Build.0 = Release|Any CPU
	EndGlobalSection
	GlobalSection(SolutionProperties) = preSolution
		HideSolutionNode = FALSE
	EndGlobalSection
	GlobalSection(ExtensibilityGlobals) = postSolution
		SolutionGuid = {F753FF48-1D4A-4DEE-A14E-546596FD90C7}
	EndGlobalSection
EndGlobal
