
Microsoft Visual Studio Solution File, Format Version 12.00
# Visual Studio 15
VisualStudioVersion = 15.0.28010.2048
MinimumVisualStudioVersion = 10.0.40219.1
Project("{FAE04EC0-301F-11D3-BF4B-00C04F79EFBC}") = "Find13Fridays", "Find13Fridays\Find13Fridays.csproj", "{0FA46F85-D59E-49D1-AB35-A9FB53D27D82}"
EndProject
Global
	GlobalSection(SolutionConfigurationPlatforms) = preSolution
		Debug|Any CPU = Debug|Any CPU
		Release|Any CPU = Release|Any CPU
	EndGlobalSection
	GlobalSection(ProjectConfigurationPlatforms) = postSolution
		{0FA46F85-D59E-49D1-AB35-A9FB53D27D82}.Debug|Any CPU.ActiveCfg = Debug|Any CPU
		{0FA46F85-D59E-49D1-AB35-A9FB53D27D82}.Debug|Any CPU.Build.0 = Debug|Any CPU
		{0FA46F85-D59E-49D1-AB35-A9FB53D27D82}.Release|Any CPU.ActiveCfg = Release|Any CPU
		{0FA46F85-D59E-49D1-AB35-A9FB53D27D82}.Release|Any CPU.Build.0 = Release|Any CPU
	EndGlobalSection
	GlobalSection(SolutionProperties) = preSolution
		HideSolutionNode = FALSE
	EndGlobalSection
	GlobalSection(ExtensibilityGlobals) = postSolution
		SolutionGuid = {0AEF28FA-C7D0-4AF8-947D-F215A2A4FBBB}
	EndGlobalSection
EndGlobal
