
Microsoft Visual Studio Solution File, Format Version 12.00
# Visual Studio 15
VisualStudioVersion = 15.0.28010.2048
MinimumVisualStudioVersion = 10.0.40219.1
Project("{FAE04EC0-301F-11D3-BF4B-00C04F79EFBC}") = "HowWorkSameCase", "HowWorkSameCase\HowWorkSameCase.csproj", "{EC8FE7DB-5289-4C67-834F-497372ECEC0F}"
EndProject
Global
	GlobalSection(SolutionConfigurationPlatforms) = preSolution
		Debug|Any CPU = Debug|Any CPU
		Release|Any CPU = Release|Any CPU
	EndGlobalSection
	GlobalSection(ProjectConfigurationPlatforms) = postSolution
		{EC8FE7DB-5289-4C67-834F-497372ECEC0F}.Debug|Any CPU.ActiveCfg = Debug|Any CPU
		{EC8FE7DB-5289-4C67-834F-497372ECEC0F}.Debug|Any CPU.Build.0 = Debug|Any CPU
		{EC8FE7DB-5289-4C67-834F-497372ECEC0F}.Release|Any CPU.ActiveCfg = Release|Any CPU
		{EC8FE7DB-5289-4C67-834F-497372ECEC0F}.Release|Any CPU.Build.0 = Release|Any CPU
	EndGlobalSection
	GlobalSection(SolutionProperties) = preSolution
		HideSolutionNode = FALSE
	EndGlobalSection
	GlobalSection(ExtensibilityGlobals) = postSolution
		SolutionGuid = {9F252437-EDE1-4D44-A1F2-407A3B69D7BE}
	EndGlobalSection
EndGlobal
