
Microsoft Visual Studio Solution File, Format Version 12.00
# Visual Studio 15
VisualStudioVersion = 15.0.28010.2048
MinimumVisualStudioVersion = 10.0.40219.1
Project("{FAE04EC0-301F-11D3-BF4B-00C04F79EFBC}") = "SoloLearnSocialNetwork", "SoloLearnSocialNetwork\SoloLearnSocialNetwork.csproj", "{8A5B4102-48C2-499D-B95F-E73D439BBED5}"
EndProject
Global
	GlobalSection(SolutionConfigurationPlatforms) = preSolution
		Debug|Any CPU = Debug|Any CPU
		Release|Any CPU = Release|Any CPU
	EndGlobalSection
	GlobalSection(ProjectConfigurationPlatforms) = postSolution
		{8A5B4102-48C2-499D-B95F-E73D439BBED5}.Debug|Any CPU.ActiveCfg = Debug|Any CPU
		{8A5B4102-48C2-499D-B95F-E73D439BBED5}.Debug|Any CPU.Build.0 = Debug|Any CPU
		{8A5B4102-48C2-499D-B95F-E73D439BBED5}.Release|Any CPU.ActiveCfg = Release|Any CPU
		{8A5B4102-48C2-499D-B95F-E73D439BBED5}.Release|Any CPU.Build.0 = Release|Any CPU
	EndGlobalSection
	GlobalSection(SolutionProperties) = preSolution
		HideSolutionNode = FALSE
	EndGlobalSection
	GlobalSection(ExtensibilityGlobals) = postSolution
		SolutionGuid = {5CE3F877-59DA-4B58-B144-1548447C3B23}
	EndGlobalSection
EndGlobal
