
Microsoft Visual Studio Solution File, Format Version 12.00
# Visual Studio 15
VisualStudioVersion = 15.0.28010.2048
MinimumVisualStudioVersion = 10.0.40219.1
Project("{FAE04EC0-301F-11D3-BF4B-00C04F79EFBC}") = "OverloadOperInt", "OverloadOperInt\OverloadOperInt.csproj", "{2BF1EE26-4536-4C28-872D-6189BBA696B0}"
EndProject
Global
	GlobalSection(SolutionConfigurationPlatforms) = preSolution
		Debug|Any CPU = Debug|Any CPU
		Release|Any CPU = Release|Any CPU
	EndGlobalSection
	GlobalSection(ProjectConfigurationPlatforms) = postSolution
		{2BF1EE26-4536-4C28-872D-6189BBA696B0}.Debug|Any CPU.ActiveCfg = Debug|Any CPU
		{2BF1EE26-4536-4C28-872D-6189BBA696B0}.Debug|Any CPU.Build.0 = Debug|Any CPU
		{2BF1EE26-4536-4C28-872D-6189BBA696B0}.Release|Any CPU.ActiveCfg = Release|Any CPU
		{2BF1EE26-4536-4C28-872D-6189BBA696B0}.Release|Any CPU.Build.0 = Release|Any CPU
	EndGlobalSection
	GlobalSection(SolutionProperties) = preSolution
		HideSolutionNode = FALSE
	EndGlobalSection
	GlobalSection(ExtensibilityGlobals) = postSolution
		SolutionGuid = {02113FF8-27D2-4423-A6B2-BF975138D441}
	EndGlobalSection
EndGlobal
