
Microsoft Visual Studio Solution File, Format Version 12.00
# Visual Studio 15
VisualStudioVersion = 15.0.28010.2048
MinimumVisualStudioVersion = 10.0.40219.1
Project("{FAE04EC0-301F-11D3-BF4B-00C04F79EFBC}") = "CreateUserCatchException", "CreateUserCatchException\CreateUserCatchException.csproj", "{9CF11A34-4335-4C2A-8CDA-73C3C8392D14}"
EndProject
Global
	GlobalSection(SolutionConfigurationPlatforms) = preSolution
		Debug|Any CPU = Debug|Any CPU
		Release|Any CPU = Release|Any CPU
	EndGlobalSection
	GlobalSection(ProjectConfigurationPlatforms) = postSolution
		{9CF11A34-4335-4C2A-8CDA-73C3C8392D14}.Debug|Any CPU.ActiveCfg = Debug|Any CPU
		{9CF11A34-4335-4C2A-8CDA-73C3C8392D14}.Debug|Any CPU.Build.0 = Debug|Any CPU
		{9CF11A34-4335-4C2A-8CDA-73C3C8392D14}.Release|Any CPU.ActiveCfg = Release|Any CPU
		{9CF11A34-4335-4C2A-8CDA-73C3C8392D14}.Release|Any CPU.Build.0 = Release|Any CPU
	EndGlobalSection
	GlobalSection(SolutionProperties) = preSolution
		HideSolutionNode = FALSE
	EndGlobalSection
	GlobalSection(ExtensibilityGlobals) = postSolution
		SolutionGuid = {1688206E-23D8-4E68-B625-B1DDF89ADA68}
	EndGlobalSection
EndGlobal
