
Microsoft Visual Studio Solution File, Format Version 12.00
# Visual Studio 15
VisualStudioVersion = 15.0.28010.2048
MinimumVisualStudioVersion = 10.0.40219.1
Project("{FAE04EC0-301F-11D3-BF4B-00C04F79EFBC}") = "LenghtOfMostShortText", "LenghtOfMostShortText\LenghtOfMostShortText.csproj", "{83B240BF-6A2B-4FCB-B354-90116E62A266}"
EndProject
Global
	GlobalSection(SolutionConfigurationPlatforms) = preSolution
		Debug|Any CPU = Debug|Any CPU
		Release|Any CPU = Release|Any CPU
	EndGlobalSection
	GlobalSection(ProjectConfigurationPlatforms) = postSolution
		{83B240BF-6A2B-4FCB-B354-90116E62A266}.Debug|Any CPU.ActiveCfg = Debug|Any CPU
		{83B240BF-6A2B-4FCB-B354-90116E62A266}.Debug|Any CPU.Build.0 = Debug|Any CPU
		{83B240BF-6A2B-4FCB-B354-90116E62A266}.Release|Any CPU.ActiveCfg = Release|Any CPU
		{83B240BF-6A2B-4FCB-B354-90116E62A266}.Release|Any CPU.Build.0 = Release|Any CPU
	EndGlobalSection
	GlobalSection(SolutionProperties) = preSolution
		HideSolutionNode = FALSE
	EndGlobalSection
	GlobalSection(ExtensibilityGlobals) = postSolution
		SolutionGuid = {5870960D-4BE2-4E87-B175-AF1A8467A5AA}
	EndGlobalSection
EndGlobal
