
Microsoft Visual Studio Solution File, Format Version 12.00
# Visual Studio 15
VisualStudioVersion = 15.0.28010.2048
MinimumVisualStudioVersion = 10.0.40219.1
Project("{FAE04EC0-301F-11D3-BF4B-00C04F79EFBC}") = "SeveralExceptions", "SeveralExceptions\SeveralExceptions.csproj", "{65A8A32A-C7A7-4054-A022-3C49888FB076}"
EndProject
Global
	GlobalSection(SolutionConfigurationPlatforms) = preSolution
		Debug|Any CPU = Debug|Any CPU
		Release|Any CPU = Release|Any CPU
	EndGlobalSection
	GlobalSection(ProjectConfigurationPlatforms) = postSolution
		{65A8A32A-C7A7-4054-A022-3C49888FB076}.Debug|Any CPU.ActiveCfg = Debug|Any CPU
		{65A8A32A-C7A7-4054-A022-3C49888FB076}.Debug|Any CPU.Build.0 = Debug|Any CPU
		{65A8A32A-C7A7-4054-A022-3C49888FB076}.Release|Any CPU.ActiveCfg = Release|Any CPU
		{65A8A32A-C7A7-4054-A022-3C49888FB076}.Release|Any CPU.Build.0 = Release|Any CPU
	EndGlobalSection
	GlobalSection(SolutionProperties) = preSolution
		HideSolutionNode = FALSE
	EndGlobalSection
	GlobalSection(ExtensibilityGlobals) = postSolution
		SolutionGuid = {6029F300-BCDE-4C85-8DEA-15338FEC503F}
	EndGlobalSection
EndGlobal
