
Microsoft Visual Studio Solution File, Format Version 12.00
# Visual Studio 15
VisualStudioVersion = 15.0.28010.2048
MinimumVisualStudioVersion = 10.0.40219.1
Project("{FAE04EC0-301F-11D3-BF4B-00C04F79EFBC}") = "ExceptionConstructors", "ExceptionConstructors\ExceptionConstructors.csproj", "{AE97AAC1-DA5F-4A10-A47D-CD745FD80771}"
EndProject
Global
	GlobalSection(SolutionConfigurationPlatforms) = preSolution
		Debug|Any CPU = Debug|Any CPU
		Release|Any CPU = Release|Any CPU
	EndGlobalSection
	GlobalSection(ProjectConfigurationPlatforms) = postSolution
		{AE97AAC1-DA5F-4A10-A47D-CD745FD80771}.Debug|Any CPU.ActiveCfg = Debug|Any CPU
		{AE97AAC1-DA5F-4A10-A47D-CD745FD80771}.Debug|Any CPU.Build.0 = Debug|Any CPU
		{AE97AAC1-DA5F-4A10-A47D-CD745FD80771}.Release|Any CPU.ActiveCfg = Release|Any CPU
		{AE97AAC1-DA5F-4A10-A47D-CD745FD80771}.Release|Any CPU.Build.0 = Release|Any CPU
	EndGlobalSection
	GlobalSection(SolutionProperties) = preSolution
		HideSolutionNode = FALSE
	EndGlobalSection
	GlobalSection(ExtensibilityGlobals) = postSolution
		SolutionGuid = {B529EF33-4465-4EBA-BDAC-532DB644691D}
	EndGlobalSection
EndGlobal
