
Microsoft Visual Studio Solution File, Format Version 12.00
# Visual Studio 15
VisualStudioVersion = 15.0.28010.2048
MinimumVisualStudioVersion = 10.0.40219.1
Project("{FAE04EC0-301F-11D3-BF4B-00C04F79EFBC}") = "InheritancePlusProperty", "InheritancePlusProperty\InheritancePlusProperty.csproj", "{8A13FEA4-0626-4524-9743-270C61FCE1D8}"
EndProject
Global
	GlobalSection(SolutionConfigurationPlatforms) = preSolution
		Debug|Any CPU = Debug|Any CPU
		Release|Any CPU = Release|Any CPU
	EndGlobalSection
	GlobalSection(ProjectConfigurationPlatforms) = postSolution
		{8A13FEA4-0626-4524-9743-270C61FCE1D8}.Debug|Any CPU.ActiveCfg = Debug|Any CPU
		{8A13FEA4-0626-4524-9743-270C61FCE1D8}.Debug|Any CPU.Build.0 = Debug|Any CPU
		{8A13FEA4-0626-4524-9743-270C61FCE1D8}.Release|Any CPU.ActiveCfg = Release|Any CPU
		{8A13FEA4-0626-4524-9743-270C61FCE1D8}.Release|Any CPU.Build.0 = Release|Any CPU
	EndGlobalSection
	GlobalSection(SolutionProperties) = preSolution
		HideSolutionNode = FALSE
	EndGlobalSection
	GlobalSection(ExtensibilityGlobals) = postSolution
		SolutionGuid = {B1B16ABE-DFFA-4F13-85C7-5E8892B59921}
	EndGlobalSection
EndGlobal
