
Microsoft Visual Studio Solution File, Format Version 12.00
# Visual Studio 15
VisualStudioVersion = 15.0.28010.2048
MinimumVisualStudioVersion = 10.0.40219.1
Project("{FAE04EC0-301F-11D3-BF4B-00C04F79EFBC}") = "WpfApp1", "WpfApp1\WpfApp1.csproj", "{FBF5ADFE-3CF3-4C97-A77D-3DD192CB4FE6}"
EndProject
Global
	GlobalSection(SolutionConfigurationPlatforms) = preSolution
		Debug|Any CPU = Debug|Any CPU
		Release|Any CPU = Release|Any CPU
	EndGlobalSection
	GlobalSection(ProjectConfigurationPlatforms) = postSolution
		{FBF5ADFE-3CF3-4C97-A77D-3DD192CB4FE6}.Debug|Any CPU.ActiveCfg = Debug|Any CPU
		{FBF5ADFE-3CF3-4C97-A77D-3DD192CB4FE6}.Debug|Any CPU.Build.0 = Debug|Any CPU
		{FBF5ADFE-3CF3-4C97-A77D-3DD192CB4FE6}.Release|Any CPU.ActiveCfg = Release|Any CPU
		{FBF5ADFE-3CF3-4C97-A77D-3DD192CB4FE6}.Release|Any CPU.Build.0 = Release|Any CPU
	EndGlobalSection
	GlobalSection(SolutionProperties) = preSolution
		HideSolutionNode = FALSE
	EndGlobalSection
	GlobalSection(ExtensibilityGlobals) = postSolution
		SolutionGuid = {AEBB4D03-7D68-4D92-AFC7-E2D0FB019628}
	EndGlobalSection
EndGlobal
