
Microsoft Visual Studio Solution File, Format Version 12.00
# Visual Studio 15
VisualStudioVersion = 15.0.28010.2048
MinimumVisualStudioVersion = 10.0.40219.1
Project("{FAE04EC0-301F-11D3-BF4B-00C04F79EFBC}") = "TryCatchFinally", "TryCatchFinally\TryCatchFinally.csproj", "{4D3EF46F-82DF-4E1F-A444-8642C6615857}"
EndProject
Global
	GlobalSection(SolutionConfigurationPlatforms) = preSolution
		Debug|Any CPU = Debug|Any CPU
		Release|Any CPU = Release|Any CPU
	EndGlobalSection
	GlobalSection(ProjectConfigurationPlatforms) = postSolution
		{4D3EF46F-82DF-4E1F-A444-8642C6615857}.Debug|Any CPU.ActiveCfg = Debug|Any CPU
		{4D3EF46F-82DF-4E1F-A444-8642C6615857}.Debug|Any CPU.Build.0 = Debug|Any CPU
		{4D3EF46F-82DF-4E1F-A444-8642C6615857}.Release|Any CPU.ActiveCfg = Release|Any CPU
		{4D3EF46F-82DF-4E1F-A444-8642C6615857}.Release|Any CPU.Build.0 = Release|Any CPU
	EndGlobalSection
	GlobalSection(SolutionProperties) = preSolution
		HideSolutionNode = FALSE
	EndGlobalSection
	GlobalSection(ExtensibilityGlobals) = postSolution
		SolutionGuid = {CE72EB3A-06FA-44ED-B52E-9B755202673E}
	EndGlobalSection
EndGlobal
