
Microsoft Visual Studio Solution File, Format Version 12.00
# Visual Studio 15
VisualStudioVersion = 15.0.28010.2048
MinimumVisualStudioVersion = 10.0.40219.1
Project("{FAE04EC0-301F-11D3-BF4B-00C04F79EFBC}") = "UseEnumForPlant", "UseEnumForPlant\UseEnumForPlant.csproj", "{EE6C6EDA-F242-44F1-92FA-EB37749C3C86}"
EndProject
Global
	GlobalSection(SolutionConfigurationPlatforms) = preSolution
		Debug|Any CPU = Debug|Any CPU
		Release|Any CPU = Release|Any CPU
	EndGlobalSection
	GlobalSection(ProjectConfigurationPlatforms) = postSolution
		{EE6C6EDA-F242-44F1-92FA-EB37749C3C86}.Debug|Any CPU.ActiveCfg = Debug|Any CPU
		{EE6C6EDA-F242-44F1-92FA-EB37749C3C86}.Debug|Any CPU.Build.0 = Debug|Any CPU
		{EE6C6EDA-F242-44F1-92FA-EB37749C3C86}.Release|Any CPU.ActiveCfg = Release|Any CPU
		{EE6C6EDA-F242-44F1-92FA-EB37749C3C86}.Release|Any CPU.Build.0 = Release|Any CPU
	EndGlobalSection
	GlobalSection(SolutionProperties) = preSolution
		HideSolutionNode = FALSE
	EndGlobalSection
	GlobalSection(ExtensibilityGlobals) = postSolution
		SolutionGuid = {F0978110-8466-4207-8907-0FF6BC9A8AB2}
	EndGlobalSection
EndGlobal
