
Microsoft Visual Studio Solution File, Format Version 12.00
# Visual Studio 15
VisualStudioVersion = 15.0.28010.2048
MinimumVisualStudioVersion = 10.0.40219.1
Project("{FAE04EC0-301F-11D3-BF4B-00C04F79EFBC}") = "SumSameNumbersInArray", "SumSameNumbersInArray\SumSameNumbersInArray.csproj", "{52BB3DF9-0627-4C0D-B3FF-FB65B6344FB2}"
EndProject
Global
	GlobalSection(SolutionConfigurationPlatforms) = preSolution
		Debug|Any CPU = Debug|Any CPU
		Release|Any CPU = Release|Any CPU
	EndGlobalSection
	GlobalSection(ProjectConfigurationPlatforms) = postSolution
		{52BB3DF9-0627-4C0D-B3FF-FB65B6344FB2}.Debug|Any CPU.ActiveCfg = Debug|Any CPU
		{52BB3DF9-0627-4C0D-B3FF-FB65B6344FB2}.Debug|Any CPU.Build.0 = Debug|Any CPU
		{52BB3DF9-0627-4C0D-B3FF-FB65B6344FB2}.Release|Any CPU.ActiveCfg = Release|Any CPU
		{52BB3DF9-0627-4C0D-B3FF-FB65B6344FB2}.Release|Any CPU.Build.0 = Release|Any CPU
	EndGlobalSection
	GlobalSection(SolutionProperties) = preSolution
		HideSolutionNode = FALSE
	EndGlobalSection
	GlobalSection(ExtensibilityGlobals) = postSolution
		SolutionGuid = {18C752E6-179F-41E7-B081-6EB98E6A8EA4}
	EndGlobalSection
EndGlobal
