
Microsoft Visual Studio Solution File, Format Version 12.00
# Visual Studio 15
VisualStudioVersion = 15.0.28010.2048
MinimumVisualStudioVersion = 10.0.40219.1
Project("{FAE04EC0-301F-11D3-BF4B-00C04F79EFBC}") = "SetObjectToMethod", "SetObjectToMethod\SetObjectToMethod.csproj", "{3BACEE30-A9B4-4201-B7FE-B6EF8015A15C}"
EndProject
Global
	GlobalSection(SolutionConfigurationPlatforms) = preSolution
		Debug|Any CPU = Debug|Any CPU
		Release|Any CPU = Release|Any CPU
	EndGlobalSection
	GlobalSection(ProjectConfigurationPlatforms) = postSolution
		{3BACEE30-A9B4-4201-B7FE-B6EF8015A15C}.Debug|Any CPU.ActiveCfg = Debug|Any CPU
		{3BACEE30-A9B4-4201-B7FE-B6EF8015A15C}.Debug|Any CPU.Build.0 = Debug|Any CPU
		{3BACEE30-A9B4-4201-B7FE-B6EF8015A15C}.Release|Any CPU.ActiveCfg = Release|Any CPU
		{3BACEE30-A9B4-4201-B7FE-B6EF8015A15C}.Release|Any CPU.Build.0 = Release|Any CPU
	EndGlobalSection
	GlobalSection(SolutionProperties) = preSolution
		HideSolutionNode = FALSE
	EndGlobalSection
	GlobalSection(ExtensibilityGlobals) = postSolution
		SolutionGuid = {52B7CEF4-AA1E-4482-950C-1C493403A093}
	EndGlobalSection
EndGlobal
