
Microsoft Visual Studio Solution File, Format Version 12.00
# Visual Studio 15
VisualStudioVersion = 15.0.28010.2048
MinimumVisualStudioVersion = 10.0.40219.1
Project("{FAE04EC0-301F-11D3-BF4B-00C04F79EFBC}") = "UseObjectInConsructor", "UseObjectInConsructor\UseObjectInConsructor.csproj", "{AB691A7E-88D7-44C8-B684-DFE022AFB225}"
EndProject
Global
	GlobalSection(SolutionConfigurationPlatforms) = preSolution
		Debug|Any CPU = Debug|Any CPU
		Release|Any CPU = Release|Any CPU
	EndGlobalSection
	GlobalSection(ProjectConfigurationPlatforms) = postSolution
		{AB691A7E-88D7-44C8-B684-DFE022AFB225}.Debug|Any CPU.ActiveCfg = Debug|Any CPU
		{AB691A7E-88D7-44C8-B684-DFE022AFB225}.Debug|Any CPU.Build.0 = Debug|Any CPU
		{AB691A7E-88D7-44C8-B684-DFE022AFB225}.Release|Any CPU.ActiveCfg = Release|Any CPU
		{AB691A7E-88D7-44C8-B684-DFE022AFB225}.Release|Any CPU.Build.0 = Release|Any CPU
	EndGlobalSection
	GlobalSection(SolutionProperties) = preSolution
		HideSolutionNode = FALSE
	EndGlobalSection
	GlobalSection(ExtensibilityGlobals) = postSolution
		SolutionGuid = {45129631-C3A5-4574-B822-204E6501B9EA}
	EndGlobalSection
EndGlobal
