
Microsoft Visual Studio Solution File, Format Version 12.00
# Visual Studio 15
VisualStudioVersion = 15.0.28010.2048
MinimumVisualStudioVersion = 10.0.40219.1
Project("{FAE04EC0-301F-11D3-BF4B-00C04F79EFBC}") = "StreamsFirstSample", "StreamsFirstSample\StreamsFirstSample.csproj", "{EE4F879C-94AF-438B-B0EF-488F51BED974}"
EndProject
Global
	GlobalSection(SolutionConfigurationPlatforms) = preSolution
		Debug|Any CPU = Debug|Any CPU
		Release|Any CPU = Release|Any CPU
	EndGlobalSection
	GlobalSection(ProjectConfigurationPlatforms) = postSolution
		{EE4F879C-94AF-438B-B0EF-488F51BED974}.Debug|Any CPU.ActiveCfg = Debug|Any CPU
		{EE4F879C-94AF-438B-B0EF-488F51BED974}.Debug|Any CPU.Build.0 = Debug|Any CPU
		{EE4F879C-94AF-438B-B0EF-488F51BED974}.Release|Any CPU.ActiveCfg = Release|Any CPU
		{EE4F879C-94AF-438B-B0EF-488F51BED974}.Release|Any CPU.Build.0 = Release|Any CPU
	EndGlobalSection
	GlobalSection(SolutionProperties) = preSolution
		HideSolutionNode = FALSE
	EndGlobalSection
	GlobalSection(ExtensibilityGlobals) = postSolution
		SolutionGuid = {D8EEA218-9ED8-4D5B-ABF9-1B99EB47540C}
	EndGlobalSection
EndGlobal
