
Microsoft Visual Studio Solution File, Format Version 12.00
# Visual Studio 15
VisualStudioVersion = 15.0.28010.2048
MinimumVisualStudioVersion = 10.0.40219.1
Project("{FAE04EC0-301F-11D3-BF4B-00C04F79EFBC}") = "InheritanceList", "InheritanceList\InheritanceList.csproj", "{DE6B080C-FB98-46DD-8256-25E19332E151}"
EndProject
Global
	GlobalSection(SolutionConfigurationPlatforms) = preSolution
		Debug|Any CPU = Debug|Any CPU
		Release|Any CPU = Release|Any CPU
	EndGlobalSection
	GlobalSection(ProjectConfigurationPlatforms) = postSolution
		{DE6B080C-FB98-46DD-8256-25E19332E151}.Debug|Any CPU.ActiveCfg = Debug|Any CPU
		{DE6B080C-FB98-46DD-8256-25E19332E151}.Debug|Any CPU.Build.0 = Debug|Any CPU
		{DE6B080C-FB98-46DD-8256-25E19332E151}.Release|Any CPU.ActiveCfg = Release|Any CPU
		{DE6B080C-FB98-46DD-8256-25E19332E151}.Release|Any CPU.Build.0 = Release|Any CPU
	EndGlobalSection
	GlobalSection(SolutionProperties) = preSolution
		HideSolutionNode = FALSE
	EndGlobalSection
	GlobalSection(ExtensibilityGlobals) = postSolution
		SolutionGuid = {64A8D139-5D17-4214-A126-592D90222749}
	EndGlobalSection
EndGlobal
