
Microsoft Visual Studio Solution File, Format Version 12.00
# Visual Studio 15
VisualStudioVersion = 15.0.28010.2048
MinimumVisualStudioVersion = 10.0.40219.1
Project("{FAE04EC0-301F-11D3-BF4B-00C04F79EFBC}") = "SetArray", "SetArray\SetArray.csproj", "{4A9BCD03-0F63-4227-9840-4397FABE035C}"
EndProject
Global
	GlobalSection(SolutionConfigurationPlatforms) = preSolution
		Debug|Any CPU = Debug|Any CPU
		Release|Any CPU = Release|Any CPU
	EndGlobalSection
	GlobalSection(ProjectConfigurationPlatforms) = postSolution
		{4A9BCD03-0F63-4227-9840-4397FABE035C}.Debug|Any CPU.ActiveCfg = Debug|Any CPU
		{4A9BCD03-0F63-4227-9840-4397FABE035C}.Debug|Any CPU.Build.0 = Debug|Any CPU
		{4A9BCD03-0F63-4227-9840-4397FABE035C}.Release|Any CPU.ActiveCfg = Release|Any CPU
		{4A9BCD03-0F63-4227-9840-4397FABE035C}.Release|Any CPU.Build.0 = Release|Any CPU
	EndGlobalSection
	GlobalSection(SolutionProperties) = preSolution
		HideSolutionNode = FALSE
	EndGlobalSection
	GlobalSection(ExtensibilityGlobals) = postSolution
		SolutionGuid = {E898EC93-E8BF-4379-9C96-FF835B1FD64E}
	EndGlobalSection
EndGlobal
