
Microsoft Visual Studio Solution File, Format Version 12.00
# Visual Studio 15
VisualStudioVersion = 15.0.28010.2048
MinimumVisualStudioVersion = 10.0.40219.1
Project("{FAE04EC0-301F-11D3-BF4B-00C04F79EFBC}") = "NotNecessaryArg", "NotNecessaryArg\NotNecessaryArg.csproj", "{DA8160F0-F08D-43C5-9FA4-7CE85C1E07C0}"
EndProject
Global
	GlobalSection(SolutionConfigurationPlatforms) = preSolution
		Debug|Any CPU = Debug|Any CPU
		Release|Any CPU = Release|Any CPU
	EndGlobalSection
	GlobalSection(ProjectConfigurationPlatforms) = postSolution
		{DA8160F0-F08D-43C5-9FA4-7CE85C1E07C0}.Debug|Any CPU.ActiveCfg = Debug|Any CPU
		{DA8160F0-F08D-43C5-9FA4-7CE85C1E07C0}.Debug|Any CPU.Build.0 = Debug|Any CPU
		{DA8160F0-F08D-43C5-9FA4-7CE85C1E07C0}.Release|Any CPU.ActiveCfg = Release|Any CPU
		{DA8160F0-F08D-43C5-9FA4-7CE85C1E07C0}.Release|Any CPU.Build.0 = Release|Any CPU
	EndGlobalSection
	GlobalSection(SolutionProperties) = preSolution
		HideSolutionNode = FALSE
	EndGlobalSection
	GlobalSection(ExtensibilityGlobals) = postSolution
		SolutionGuid = {2B8CA2B1-279E-4D8E-81B4-D60DE3BF7244}
	EndGlobalSection
EndGlobal
