
Microsoft Visual Studio Solution File, Format Version 12.00
# Visual Studio 15
VisualStudioVersion = 15.0.28010.2048
MinimumVisualStudioVersion = 10.0.40219.1
Project("{FAE04EC0-301F-11D3-BF4B-00C04F79EFBC}") = "Indexer", "Indexer\Indexer.csproj", "{72FC7A7D-735D-4B32-BD72-24B6556CFADA}"
EndProject
Global
	GlobalSection(SolutionConfigurationPlatforms) = preSolution
		Debug|Any CPU = Debug|Any CPU
		Release|Any CPU = Release|Any CPU
	EndGlobalSection
	GlobalSection(ProjectConfigurationPlatforms) = postSolution
		{72FC7A7D-735D-4B32-BD72-24B6556CFADA}.Debug|Any CPU.ActiveCfg = Debug|Any CPU
		{72FC7A7D-735D-4B32-BD72-24B6556CFADA}.Debug|Any CPU.Build.0 = Debug|Any CPU
		{72FC7A7D-735D-4B32-BD72-24B6556CFADA}.Release|Any CPU.ActiveCfg = Release|Any CPU
		{72FC7A7D-735D-4B32-BD72-24B6556CFADA}.Release|Any CPU.Build.0 = Release|Any CPU
	EndGlobalSection
	GlobalSection(SolutionProperties) = preSolution
		HideSolutionNode = FALSE
	EndGlobalSection
	GlobalSection(ExtensibilityGlobals) = postSolution
		SolutionGuid = {590E66EE-3575-4148-9A56-4B074651A58D}
	EndGlobalSection
EndGlobal
