
Microsoft Visual Studio Solution File, Format Version 12.00
# Visual Studio 15
VisualStudioVersion = 15.0.28010.2048
MinimumVisualStudioVersion = 10.0.40219.1
Project("{FAE04EC0-301F-11D3-BF4B-00C04F79EFBC}") = "ArrayAVG", "ArrayAVG\ArrayAVG.csproj", "{07B0613B-A28C-4F28-A417-18CCB45026C5}"
EndProject
Global
	GlobalSection(SolutionConfigurationPlatforms) = preSolution
		Debug|Any CPU = Debug|Any CPU
		Release|Any CPU = Release|Any CPU
	EndGlobalSection
	GlobalSection(ProjectConfigurationPlatforms) = postSolution
		{07B0613B-A28C-4F28-A417-18CCB45026C5}.Debug|Any CPU.ActiveCfg = Debug|Any CPU
		{07B0613B-A28C-4F28-A417-18CCB45026C5}.Debug|Any CPU.Build.0 = Debug|Any CPU
		{07B0613B-A28C-4F28-A417-18CCB45026C5}.Release|Any CPU.ActiveCfg = Release|Any CPU
		{07B0613B-A28C-4F28-A417-18CCB45026C5}.Release|Any CPU.Build.0 = Release|Any CPU
	EndGlobalSection
	GlobalSection(SolutionProperties) = preSolution
		HideSolutionNode = FALSE
	EndGlobalSection
	GlobalSection(ExtensibilityGlobals) = postSolution
		SolutionGuid = {32CA64C4-5FD4-42EC-94FA-E117BDFE8D79}
	EndGlobalSection
EndGlobal
