
Microsoft Visual Studio Solution File, Format Version 12.00
# Visual Studio 15
VisualStudioVersion = 15.0.28307.329
MinimumVisualStudioVersion = 10.0.40219.1
Project("{FAE04EC0-301F-11D3-BF4B-00C04F79EFBC}") = "SimpleEvent", "SimpleEvent\SimpleEvent.csproj", "{EBCDD13B-D041-4F6D-BF59-C87022B39AC0}"
EndProject
Global
	GlobalSection(SolutionConfigurationPlatforms) = preSolution
		Debug|Any CPU = Debug|Any CPU
		Release|Any CPU = Release|Any CPU
	EndGlobalSection
	GlobalSection(ProjectConfigurationPlatforms) = postSolution
		{EBCDD13B-D041-4F6D-BF59-C87022B39AC0}.Debug|Any CPU.ActiveCfg = Debug|Any CPU
		{EBCDD13B-D041-4F6D-BF59-C87022B39AC0}.Debug|Any CPU.Build.0 = Debug|Any CPU
		{EBCDD13B-D041-4F6D-BF59-C87022B39AC0}.Release|Any CPU.ActiveCfg = Release|Any CPU
		{EBCDD13B-D041-4F6D-BF59-C87022B39AC0}.Release|Any CPU.Build.0 = Release|Any CPU
	EndGlobalSection
	GlobalSection(SolutionProperties) = preSolution
		HideSolutionNode = FALSE
	EndGlobalSection
	GlobalSection(ExtensibilityGlobals) = postSolution
		SolutionGuid = {F485774D-26AC-45D1-8504-66135A1933ED}
	EndGlobalSection
EndGlobal
