
Microsoft Visual Studio Solution File, Format Version 12.00
# Visual Studio 15
VisualStudioVersion = 15.0.28010.2048
MinimumVisualStudioVersion = 10.0.40219.1
Project("{FAE04EC0-301F-11D3-BF4B-00C04F79EFBC}") = "RotateAlphabet", "RotateAlphabet\RotateAlphabet.csproj", "{29DC9A9C-A693-4574-B915-02EEAACCB24A}"
EndProject
Global
	GlobalSection(SolutionConfigurationPlatforms) = preSolution
		Debug|Any CPU = Debug|Any CPU
		Release|Any CPU = Release|Any CPU
	EndGlobalSection
	GlobalSection(ProjectConfigurationPlatforms) = postSolution
		{29DC9A9C-A693-4574-B915-02EEAACCB24A}.Debug|Any CPU.ActiveCfg = Debug|Any CPU
		{29DC9A9C-A693-4574-B915-02EEAACCB24A}.Debug|Any CPU.Build.0 = Debug|Any CPU
		{29DC9A9C-A693-4574-B915-02EEAACCB24A}.Release|Any CPU.ActiveCfg = Release|Any CPU
		{29DC9A9C-A693-4574-B915-02EEAACCB24A}.Release|Any CPU.Build.0 = Release|Any CPU
	EndGlobalSection
	GlobalSection(SolutionProperties) = preSolution
		HideSolutionNode = FALSE
	EndGlobalSection
	GlobalSection(ExtensibilityGlobals) = postSolution
		SolutionGuid = {5B5B1B23-922F-4E71-B1EA-7938AF6D2468}
	EndGlobalSection
EndGlobal
